
Microsoft Visual Studio Solution File, Format Version 12.00
# Visual Studio Version 17
VisualStudioVersion = 17.10.35122.118
MinimumVisualStudioVersion = 10.0.40219.1
Project("{FAE04EC0-301F-11D3-BF4B-00C04F79EFBC}") = "SocialAuth.NET", "SocialAuth.NET\SocialAuth.NET.csproj", "{6B537CFA-0FD5-4139-9745-8744AA2C8907}"
EndProject
Global
	GlobalSection(SolutionConfigurationPlatforms) = preSolution
		Debug|Any CPU = Debug|Any CPU
		Release|Any CPU = Release|Any CPU
	EndGlobalSection
	GlobalSection(ProjectConfigurationPlatforms) = postSolution
		{6B537CFA-0FD5-4139-9745-8744AA2C8907}.Debug|Any CPU.ActiveCfg = Debug|Any CPU
		{6B537CFA-0FD5-4139-9745-8744AA2C8907}.Debug|Any CPU.Build.0 = Debug|Any CPU
		{6B537CFA-0FD5-4139-9745-8744AA2C8907}.Release|Any CPU.ActiveCfg = Release|Any CPU
		{6B537CFA-0FD5-4139-9745-8744AA2C8907}.Release|Any CPU.Build.0 = Release|Any CPU
	EndGlobalSection
	GlobalSection(SolutionProperties) = preSolution
		HideSolutionNode = FALSE
	EndGlobalSection
	GlobalSection(ExtensibilityGlobals) = postSolution
		SolutionGuid = {D3E11644-65DD-4595-AC3E-312AFC79D48A}
	EndGlobalSection
EndGlobal
